// !$*UTF8*$!
{
	archiveVersion = 1;
	classes = {
	};
	objectVersion = 77;
	objects = {

/* Begin PBXBuildFile section */
		06B970152F21058000DB6132 /* FoodKeeperFoundation in Frameworks */ = {isa = PBXBuildFile; productRef = 06B970142F21058000DB6132 /* FoodKeeperFoundation */; };
		06B970182F2105F400DB6132 /* Data in Frameworks */ = {isa = PBXBuildFile; productRef = 06B970172F2105F400DB6132 /* Data */; };
		06B9701B2F21060100DB6132 /* Domain in Frameworks */ = {isa = PBXBuildFile; productRef = 06B9701A2F21060100DB6132 /* Domain */; };
		06B9701E2F21064200DB6132 /* Data in Frameworks */ = {isa = PBXBuildFile; productRef = 06B9701D2F21064200DB6132 /* Data */; };
		06B970212F21064E00DB6132 /* FoodKeeperFoundation in Frameworks */ = {isa = PBXBuildFile; productRef = 06B970202F21064E00DB6132 /* FoodKeeperFoundation */; };
		06B970242F21066600DB6132 /* Domain in Frameworks */ = {isa = PBXBuildFile; productRef = 06B970232F21066600DB6132 /* Domain */; };
		06B970272F21066E00DB6132 /* Data in Frameworks */ = {isa = PBXBuildFile; productRef = 06B970262F21066E00DB6132 /* Data */; };
		06B9702A2F21067A00DB6132 /* FoodKeeperFoundation in Frameworks */ = {isa = PBXBuildFile; productRef = 06B970292F21067A00DB6132 /* FoodKeeperFoundation */; };
		06B970342F21130700DB6132 /* RxCocoa in Frameworks */ = {isa = PBXBuildFile; productRef = 06B970332F21130700DB6132 /* RxCocoa */; };
		06B970362F21130700DB6132 /* RxSwift in Frameworks */ = {isa = PBXBuildFile; productRef = 06B970352F21130700DB6132 /* RxSwift */; };
		06B970392F2114A400DB6132 /* Kingfisher in Frameworks */ = {isa = PBXBuildFile; productRef = 06B970382F2114A400DB6132 /* Kingfisher */; };
		06B9703C2F2114B900DB6132 /* SnapKit in Frameworks */ = {isa = PBXBuildFile; productRef = 06B9703B2F2114B900DB6132 /* SnapKit */; };
		06B9703F2F21150200DB6132 /* Moya in Frameworks */ = {isa = PBXBuildFile; productRef = 06B9703E2F21150200DB6132 /* Moya */; };
		06B970422F21151300DB6132 /* Alamofire in Frameworks */ = {isa = PBXBuildFile; productRef = 06B970412F21151300DB6132 /* Alamofire */; };
		06B970452F211B3600DB6132 /* Domain in Frameworks */ = {isa = PBXBuildFile; productRef = 06B970442F211B3600DB6132 /* Domain */; };
		06B970482F211B4C00DB6132 /* Data in Frameworks */ = {isa = PBXBuildFile; productRef = 06B970472F211B4C00DB6132 /* Data */; };
		06B970502F223EA900DB6132 /* NanumSquareNeo-dEb.ttf in Resources */ = {isa = PBXBuildFile; fileRef = 06B9704E2F223EA900DB6132 /* NanumSquareNeo-dEb.ttf */; };
		06B970512F223EA900DB6132 /* NanumSquareNeo-eHv.ttf in Resources */ = {isa = PBXBuildFile; fileRef = 06B9704F2F223EA900DB6132 /* NanumSquareNeo-eHv.ttf */; };
		06B970522F223EA900DB6132 /* NanumSquareNeo-bRg.ttf in Resources */ = {isa = PBXBuildFile; fileRef = 06B9704C2F223EA900DB6132 /* NanumSquareNeo-bRg.ttf */; };
		06B970532F223EA900DB6132 /* NanumSquareNeo-aLt.ttf in Resources */ = {isa = PBXBuildFile; fileRef = 06B9704B2F223EA900DB6132 /* NanumSquareNeo-aLt.ttf */; };
		06B970542F223EA900DB6132 /* NanumSquareNeo-cBd.ttf in Resources */ = {isa = PBXBuildFile; fileRef = 06B9704D2F223EA900DB6132 /* NanumSquareNeo-cBd.ttf */; };
		06B9705A2F2796D600DB6132 /* Then in Frameworks */ = {isa = PBXBuildFile; productRef = 06B970592F2796D600DB6132 /* Then */; };
		06B9705C2F2796EE00DB6132 /* Appearance.swift in Sources */ = {isa = PBXBuildFile; fileRef = 06B9705B2F2796EE00DB6132 /* Appearance.swift */; };
		06B9705E2F27992800DB6132 /* TabBarController.swift in Sources */ = {isa = PBXBuildFile; fileRef = 06B9705D2F27992800DB6132 /* TabBarController.swift */; };
		06C294D82F20F455006CF961 /* Assets.xcassets in Resources */ = {isa = PBXBuildFile; fileRef = 06C294CF2F20F455006CF961 /* Assets.xcassets */; };
		06C294DA2F20F455006CF961 /* LaunchScreen.storyboard in Resources */ = {isa = PBXBuildFile; fileRef = 06C294D22F20F455006CF961 /* LaunchScreen.storyboard */; };
		06C294DC2F20F455006CF961 /* AppDelegate.swift in Sources */ = {isa = PBXBuildFile; fileRef = 06C294CE2F20F455006CF961 /* AppDelegate.swift */; };
		06C294DD2F20F455006CF961 /* SceneDelegate.swift in Sources */ = {isa = PBXBuildFile; fileRef = 06C294D52F20F455006CF961 /* SceneDelegate.swift */; };
		06C294E22F20F946006CF961 /* FoodKeeperFoundation in Frameworks */ = {isa = PBXBuildFile; productRef = 06C294E12F20F946006CF961 /* FoodKeeperFoundation */; };
/* End PBXBuildFile section */

/* Begin PBXFileReference section */
		06B970302F210C7B00DB6132 /* Debug.xcconfig */ = {isa = PBXFileReference; lastKnownFileType = text.xcconfig; path = Debug.xcconfig; sourceTree = "<group>"; };
		06B970312F210C8A00DB6132 /* Release.xcconfig */ = {isa = PBXFileReference; lastKnownFileType = text.xcconfig; path = Release.xcconfig; sourceTree = "<group>"; };
		06B9704B2F223EA900DB6132 /* NanumSquareNeo-aLt.ttf */ = {isa = PBXFileReference; lastKnownFileType = file; path = "NanumSquareNeo-aLt.ttf"; sourceTree = "<group>"; };
		06B9704C2F223EA900DB6132 /* NanumSquareNeo-bRg.ttf */ = {isa = PBXFileReference; lastKnownFileType = file; path = "NanumSquareNeo-bRg.ttf"; sourceTree = "<group>"; };
		06B9704D2F223EA900DB6132 /* NanumSquareNeo-cBd.ttf */ = {isa = PBXFileReference; lastKnownFileType = file; path = "NanumSquareNeo-cBd.ttf"; sourceTree = "<group>"; };
		06B9704E2F223EA900DB6132 /* NanumSquareNeo-dEb.ttf */ = {isa = PBXFileReference; lastKnownFileType = file; path = "NanumSquareNeo-dEb.ttf"; sourceTree = "<group>"; };
		06B9704F2F223EA900DB6132 /* NanumSquareNeo-eHv.ttf */ = {isa = PBXFileReference; lastKnownFileType = file; path = "NanumSquareNeo-eHv.ttf"; sourceTree = "<group>"; };
		06B9705B2F2796EE00DB6132 /* Appearance.swift */ = {isa = PBXFileReference; lastKnownFileType = sourcecode.swift; path = Appearance.swift; sourceTree = "<group>"; };
		06B9705D2F27992800DB6132 /* TabBarController.swift */ = {isa = PBXFileReference; lastKnownFileType = sourcecode.swift; path = TabBarController.swift; sourceTree = "<group>"; };
		06C294B62F20F43F006CF961 /* FoodKeeper.app */ = {isa = PBXFileReference; explicitFileType = wrapper.application; includeInIndex = 0; path = FoodKeeper.app; sourceTree = BUILT_PRODUCTS_DIR; };
		06C294CE2F20F455006CF961 /* AppDelegate.swift */ = {isa = PBXFileReference; lastKnownFileType = sourcecode.swift; path = AppDelegate.swift; sourceTree = "<group>"; };
		06C294CF2F20F455006CF961 /* Assets.xcassets */ = {isa = PBXFileReference; lastKnownFileType = folder.assetcatalog; path = Assets.xcassets; sourceTree = "<group>"; };
		06C294D02F20F455006CF961 /* Info.plist */ = {isa = PBXFileReference; lastKnownFileType = text.plist.xml; path = Info.plist; sourceTree = "<group>"; };
		06C294D12F20F455006CF961 /* Base */ = {isa = PBXFileReference; lastKnownFileType = file.storyboard; name = Base; path = Base.lproj/LaunchScreen.storyboard; sourceTree = "<group>"; };
		06C294D52F20F455006CF961 /* SceneDelegate.swift */ = {isa = PBXFileReference; lastKnownFileType = sourcecode.swift; path = SceneDelegate.swift; sourceTree = "<group>"; };
		06C294DF2F20F469006CF961 /* .gitignore */ = {isa = PBXFileReference; lastKnownFileType = text; path = .gitignore; sourceTree = "<group>"; };
/* End PBXFileReference section */

/* Begin PBXFrameworksBuildPhase section */
		06C294B32F20F43F006CF961 /* Frameworks */ = {
			isa = PBXFrameworksBuildPhase;
			buildActionMask = 2147483647;
			files = (
				06B970482F211B4C00DB6132 /* Data in Frameworks */,
				06B9705A2F2796D600DB6132 /* Then in Frameworks */,
				06B970422F21151300DB6132 /* Alamofire in Frameworks */,
				06B970392F2114A400DB6132 /* Kingfisher in Frameworks */,
				06C294E22F20F946006CF961 /* FoodKeeperFoundation in Frameworks */,
				06B9703C2F2114B900DB6132 /* SnapKit in Frameworks */,
				06B970242F21066600DB6132 /* Domain in Frameworks */,
				06B970342F21130700DB6132 /* RxCocoa in Frameworks */,
				06B970152F21058000DB6132 /* FoodKeeperFoundation in Frameworks */,
				06B9701E2F21064200DB6132 /* Data in Frameworks */,
				06B9701B2F21060100DB6132 /* Domain in Frameworks */,
				06B970182F2105F400DB6132 /* Data in Frameworks */,
				06B970272F21066E00DB6132 /* Data in Frameworks */,
				06B970212F21064E00DB6132 /* FoodKeeperFoundation in Frameworks */,
				06B9702A2F21067A00DB6132 /* FoodKeeperFoundation in Frameworks */,
				06B9703F2F21150200DB6132 /* Moya in Frameworks */,
				06B970452F211B3600DB6132 /* Domain in Frameworks */,
				06B970362F21130700DB6132 /* RxSwift in Frameworks */,
			);
			runOnlyForDeploymentPostprocessing = 0;
		};
/* End PBXFrameworksBuildPhase section */

/* Begin PBXGroup section */
		06B9702B2F21069900DB6132 /* Resources */ = {
			isa = PBXGroup;
			children = (
				06B9704A2F223DA900DB6132 /* Font */,
				06C294D22F20F455006CF961 /* LaunchScreen.storyboard */,
				06C294CF2F20F455006CF961 /* Assets.xcassets */,
				06C294D02F20F455006CF961 /* Info.plist */,
			);
			path = Resources;
			sourceTree = "<group>";
		};
		06B9702C2F2106A600DB6132 /* Sources */ = {
			isa = PBXGroup;
			children = (
				06B9702D2F2106C500DB6132 /* App */,
				06B9702E2F2106D900DB6132 /* Presentation */,
			);
			path = Sources;
			sourceTree = "<group>";
		};
		06B9702D2F2106C500DB6132 /* App */ = {
			isa = PBXGroup;
			children = (
				06C294CE2F20F455006CF961 /* AppDelegate.swift */,
				06C294D52F20F455006CF961 /* SceneDelegate.swift */,
			);
			path = App;
			sourceTree = "<group>";
		};
		06B9702E2F2106D900DB6132 /* Presentation */ = {
			isa = PBXGroup;
			children = (
				06B9705B2F2796EE00DB6132 /* Appearance.swift */,
				06B9705D2F27992800DB6132 /* TabBarController.swift */,
			);
			path = Presentation;
			sourceTree = "<group>";
		};
		06B9704A2F223DA900DB6132 /* Font */ = {
			isa = PBXGroup;
			children = (
				06B9704B2F223EA900DB6132 /* NanumSquareNeo-aLt.ttf */,
				06B9704C2F223EA900DB6132 /* NanumSquareNeo-bRg.ttf */,
				06B9704D2F223EA900DB6132 /* NanumSquareNeo-cBd.ttf */,
				06B9704E2F223EA900DB6132 /* NanumSquareNeo-dEb.ttf */,
				06B9704F2F223EA900DB6132 /* NanumSquareNeo-eHv.ttf */,
			);
			path = Font;
			sourceTree = "<group>";
		};
		06C294AD2F20F43F006CF961 = {
			isa = PBXGroup;
			children = (
				06B970312F210C8A00DB6132 /* Release.xcconfig */,
				06B970302F210C7B00DB6132 /* Debug.xcconfig */,
				06C294DF2F20F469006CF961 /* .gitignore */,
				06C294D72F20F455006CF961 /* FoodKeeper */,
				06C294B72F20F43F006CF961 /* Products */,
			);
			sourceTree = "<group>";
		};
		06C294B72F20F43F006CF961 /* Products */ = {
			isa = PBXGroup;
			children = (
				06C294B62F20F43F006CF961 /* FoodKeeper.app */,
			);
			name = Products;
			sourceTree = "<group>";
		};
		06C294D72F20F455006CF961 /* FoodKeeper */ = {
			isa = PBXGroup;
			children = (
				06B9702B2F21069900DB6132 /* Resources */,
				06B9702C2F2106A600DB6132 /* Sources */,
			);
			path = FoodKeeper;
			sourceTree = "<group>";
		};
/* End PBXGroup section */

/* Begin PBXNativeTarget section */
		06C294B52F20F43F006CF961 /* FoodKeeper */ = {
			isa = PBXNativeTarget;
			buildConfigurationList = 06C294C92F20F441006CF961 /* Build configuration list for PBXNativeTarget "FoodKeeper" */;
			buildPhases = (
				06C294B22F20F43F006CF961 /* Sources */,
				06C294B32F20F43F006CF961 /* Frameworks */,
				06C294B42F20F43F006CF961 /* Resources */,
			);
			buildRules = (
			);
			dependencies = (
			);
			name = FoodKeeper;
			packageProductDependencies = (
				06C294E12F20F946006CF961 /* FoodKeeperFoundation */,
				06B970142F21058000DB6132 /* FoodKeeperFoundation */,
				06B970172F2105F400DB6132 /* Data */,
				06B9701A2F21060100DB6132 /* Domain */,
				06B9701D2F21064200DB6132 /* Data */,
				06B970202F21064E00DB6132 /* FoodKeeperFoundation */,
				06B970232F21066600DB6132 /* Domain */,
				06B970262F21066E00DB6132 /* Data */,
				06B970292F21067A00DB6132 /* FoodKeeperFoundation */,
				06B970332F21130700DB6132 /* RxCocoa */,
				06B970352F21130700DB6132 /* RxSwift */,
				06B970382F2114A400DB6132 /* Kingfisher */,
				06B9703B2F2114B900DB6132 /* SnapKit */,
				06B9703E2F21150200DB6132 /* Moya */,
				06B970412F21151300DB6132 /* Alamofire */,
				06B970442F211B3600DB6132 /* Domain */,
				06B970472F211B4C00DB6132 /* Data */,
				06B970592F2796D600DB6132 /* Then */,
			);
			productName = FoodKeeper;
			productReference = 06C294B62F20F43F006CF961 /* FoodKeeper.app */;
			productType = "com.apple.product-type.application";
		};
/* End PBXNativeTarget section */

/* Begin PBXProject section */
		06C294AE2F20F43F006CF961 /* Project object */ = {
			isa = PBXProject;
			attributes = {
				BuildIndependentTargetsInParallel = YES;
				LastSwiftUpdateCheck = 1640;
				LastUpgradeCheck = 2620;
				TargetAttributes = {
					06C294B52F20F43F006CF961 = {
						CreatedOnToolsVersion = 16.4;
					};
				};
			};
			buildConfigurationList = 06C294B12F20F43F006CF961 /* Build configuration list for PBXProject "FoodKeeper" */;
			developmentRegion = en;
			hasScannedForEncodings = 0;
			knownRegions = (
				en,
				Base,
			);
			mainGroup = 06C294AD2F20F43F006CF961;
			minimizedProjectReferenceProxies = 1;
			packageReferences = (
				06B970322F21130700DB6132 /* XCRemoteSwiftPackageReference "RxSwift" */,
				06B970372F2114A400DB6132 /* XCRemoteSwiftPackageReference "Kingfisher" */,
				06B9703A2F2114B900DB6132 /* XCRemoteSwiftPackageReference "SnapKit" */,
				06B9703D2F21150200DB6132 /* XCRemoteSwiftPackageReference "Moya" */,
				06B970402F21151300DB6132 /* XCRemoteSwiftPackageReference "Alamofire" */,
				06B970432F211B3600DB6132 /* XCLocalSwiftPackageReference "Package/Domain" */,
				06B970462F211B4C00DB6132 /* XCLocalSwiftPackageReference "Package/Data" */,
				06B970492F211B5700DB6132 /* XCLocalSwiftPackageReference "Package/FoodKeeperFoundation" */,
				06B970582F2796D600DB6132 /* XCRemoteSwiftPackageReference "Then" */,
			);
			preferredProjectObjectVersion = 77;
			productRefGroup = 06C294B72F20F43F006CF961 /* Products */;
			projectDirPath = "";
			projectRoot = "";
			targets = (
				06C294B52F20F43F006CF961 /* FoodKeeper */,
			);
		};
/* End PBXProject section */

/* Begin PBXResourcesBuildPhase section */
		06C294B42F20F43F006CF961 /* Resources */ = {
			isa = PBXResourcesBuildPhase;
			buildActionMask = 2147483647;
			files = (
				06B970502F223EA900DB6132 /* NanumSquareNeo-dEb.ttf in Resources */,
				06B970512F223EA900DB6132 /* NanumSquareNeo-eHv.ttf in Resources */,
				06B970522F223EA900DB6132 /* NanumSquareNeo-bRg.ttf in Resources */,
				06B970532F223EA900DB6132 /* NanumSquareNeo-aLt.ttf in Resources */,
				06B970542F223EA900DB6132 /* NanumSquareNeo-cBd.ttf in Resources */,
				06C294D82F20F455006CF961 /* Assets.xcassets in Resources */,
				06C294DA2F20F455006CF961 /* LaunchScreen.storyboard in Resources */,
			);
			runOnlyForDeploymentPostprocessing = 0;
		};
/* End PBXResourcesBuildPhase section */

/* Begin PBXSourcesBuildPhase section */
		06C294B22F20F43F006CF961 /* Sources */ = {
			isa = PBXSourcesBuildPhase;
			buildActionMask = 2147483647;
			files = (
				06C294DC2F20F455006CF961 /* AppDelegate.swift in Sources */,
				06C294DD2F20F455006CF961 /* SceneDelegate.swift in Sources */,
				06B9705E2F27992800DB6132 /* TabBarController.swift in Sources */,
				06B9705C2F2796EE00DB6132 /* Appearance.swift in Sources */,
			);
			runOnlyForDeploymentPostprocessing = 0;
		};
/* End PBXSourcesBuildPhase section */

/* Begin PBXVariantGroup section */
		06C294D22F20F455006CF961 /* LaunchScreen.storyboard */ = {
			isa = PBXVariantGroup;
			children = (
				06C294D12F20F455006CF961 /* Base */,
			);
			name = LaunchScreen.storyboard;
			sourceTree = "<group>";
		};
/* End PBXVariantGroup section */

/* Begin XCBuildConfiguration section */
		06C294CA2F20F441006CF961 /* Debug */ = {
			isa = XCBuildConfiguration;
			baseConfigurationReference = 06B970302F210C7B00DB6132 /* Debug.xcconfig */;
			buildSettings = {
				ASSETCATALOG_COMPILER_APPICON_NAME = AppIcon;
				ASSETCATALOG_COMPILER_GLOBAL_ACCENT_COLOR_NAME = AccentColor;
				CODE_SIGN_STYLE = Automatic;
				CURRENT_PROJECT_VERSION = 1;
				DEVELOPMENT_TEAM = G9LS4YQCM2;
				GENERATE_INFOPLIST_FILE = YES;
				INFOPLIST_FILE = FoodKeeper/Resources/Info.plist;
				INFOPLIST_KEY_UIApplicationSupportsIndirectInputEvents = YES;
				INFOPLIST_KEY_UILaunchStoryboardName = LaunchScreen;
				INFOPLIST_KEY_UISupportedInterfaceOrientations = UIInterfaceOrientationPortrait;
				INFOPLIST_KEY_UISupportedInterfaceOrientations_iPad = "UIInterfaceOrientationLandscapeLeft UIInterfaceOrientationLandscapeRight UIInterfaceOrientationPortrait UIInterfaceOrientationPortraitUpsideDown";
				IPHONEOS_DEPLOYMENT_TARGET = 16.0;
				LD_RUNPATH_SEARCH_PATHS = (
					"$(inherited)",
					"@executable_path/Frameworks",
				);
				MARKETING_VERSION = 1.0;
				PRODUCT_BUNDLE_IDENTIFIER = com.Sixteenis.FoodKeeper;
				PRODUCT_NAME = "$(TARGET_NAME)";
				SUPPORTED_PLATFORMS = "iphoneos iphonesimulator";
				SUPPORTS_MACCATALYST = NO;
				SUPPORTS_MAC_DESIGNED_FOR_IPHONE_IPAD = NO;
				SUPPORTS_XR_DESIGNED_FOR_IPHONE_IPAD = NO;
				SWIFT_EMIT_LOC_STRINGS = YES;
				SWIFT_VERSION = 5.0;
				TARGETED_DEVICE_FAMILY = 1;
			};
			name = Debug;
		};
		06C294CB2F20F441006CF961 /* Release */ = {
			isa = XCBuildConfiguration;
			baseConfigurationReference = 06B970312F210C8A00DB6132 /* Release.xcconfig */;
			buildSettings = {
				ASSETCATALOG_COMPILER_APPICON_NAME = AppIcon;
				ASSETCATALOG_COMPILER_GLOBAL_ACCENT_COLOR_NAME = AccentColor;
				CODE_SIGN_STYLE = Automatic;
				CURRENT_PROJECT_VERSION = 1;
				DEVELOPMENT_TEAM = G9LS4YQCM2;
				GENERATE_INFOPLIST_FILE = YES;
				INFOPLIST_FILE = FoodKeeper/Resources/Info.plist;
				INFOPLIST_KEY_UIApplicationSupportsIndirectInputEvents = YES;
				INFOPLIST_KEY_UILaunchStoryboardName = LaunchScreen;
				INFOPLIST_KEY_UISupportedInterfaceOrientations = UIInterfaceOrientationPortrait;
				INFOPLIST_KEY_UISupportedInterfaceOrientations_iPad = "UIInterfaceOrientationLandscapeLeft UIInterfaceOrientationLandscapeRight UIInterfaceOrientationPortrait UIInterfaceOrientationPortraitUpsideDown";
				IPHONEOS_DEPLOYMENT_TARGET = 16.0;
				LD_RUNPATH_SEARCH_PATHS = (
					"$(inherited)",
					"@executable_path/Frameworks",
				);
				MARKETING_VERSION = 1.0;
				PRODUCT_BUNDLE_IDENTIFIER = com.Sixteenis.FoodKeeper;
				PRODUCT_NAME = "$(TARGET_NAME)";
				SUPPORTED_PLATFORMS = "iphoneos iphonesimulator";
				SUPPORTS_MACCATALYST = NO;
				SUPPORTS_MAC_DESIGNED_FOR_IPHONE_IPAD = NO;
				SUPPORTS_XR_DESIGNED_FOR_IPHONE_IPAD = NO;
				SWIFT_EMIT_LOC_STRINGS = YES;
				SWIFT_VERSION = 5.0;
				TARGETED_DEVICE_FAMILY = 1;
			};
			name = Release;
		};
		06C294CC2F20F441006CF961 /* Debug */ = {
			isa = XCBuildConfiguration;
			baseConfigurationReference = 06B970302F210C7B00DB6132 /* Debug.xcconfig */;
			buildSettings = {
				ALWAYS_SEARCH_USER_PATHS = NO;
				ASSETCATALOG_COMPILER_GENERATE_SWIFT_ASSET_SYMBOL_EXTENSIONS = YES;
				CLANG_ANALYZER_NONNULL = YES;
				CLANG_ANALYZER_NUMBER_OBJECT_CONVERSION = YES_AGGRESSIVE;
				CLANG_CXX_LANGUAGE_STANDARD = "gnu++20";
				CLANG_ENABLE_MODULES = YES;
				CLANG_ENABLE_OBJC_ARC = YES;
				CLANG_ENABLE_OBJC_WEAK = YES;
				CLANG_WARN_BLOCK_CAPTURE_AUTORELEASING = YES;
				CLANG_WARN_BOOL_CONVERSION = YES;
				CLANG_WARN_COMMA = YES;
				CLANG_WARN_CONSTANT_CONVERSION = YES;
				CLANG_WARN_DEPRECATED_OBJC_IMPLEMENTATIONS = YES;
				CLANG_WARN_DIRECT_OBJC_ISA_USAGE = YES_ERROR;
				CLANG_WARN_DOCUMENTATION_COMMENTS = YES;
				CLANG_WARN_EMPTY_BODY = YES;
				CLANG_WARN_ENUM_CONVERSION = YES;
				CLANG_WARN_INFINITE_RECURSION = YES;
				CLANG_WARN_INT_CONVERSION = YES;
				CLANG_WARN_NON_LITERAL_NULL_CONVERSION = YES;
				CLANG_WARN_OBJC_IMPLICIT_RETAIN_SELF = YES;
				CLANG_WARN_OBJC_LITERAL_CONVERSION = YES;
				CLANG_WARN_OBJC_ROOT_CLASS = YES_ERROR;
				CLANG_WARN_QUOTED_INCLUDE_IN_FRAMEWORK_HEADER = YES;
				CLANG_WARN_RANGE_LOOP_ANALYSIS = YES;
				CLANG_WARN_STRICT_PROTOTYPES = YES;
				CLANG_WARN_SUSPICIOUS_MOVE = YES;
				CLANG_WARN_UNGUARDED_AVAILABILITY = YES_AGGRESSIVE;
				CLANG_WARN_UNREACHABLE_CODE = YES;
				CLANG_WARN__DUPLICATE_METHOD_MATCH = YES;
				COPY_PHASE_STRIP = NO;
				DEBUG_INFORMATION_FORMAT = dwarf;
				DEVELOPMENT_TEAM = G9LS4YQCM2;
				ENABLE_STRICT_OBJC_MSGSEND = YES;
				ENABLE_TESTABILITY = YES;
				ENABLE_USER_SCRIPT_SANDBOXING = YES;
				GCC_C_LANGUAGE_STANDARD = gnu17;
				GCC_DYNAMIC_NO_PIC = NO;
				GCC_NO_COMMON_BLOCKS = YES;
				GCC_OPTIMIZATION_LEVEL = 0;
				GCC_PREPROCESSOR_DEFINITIONS = (
					"DEBUG=1",
					"$(inherited)",
				);
				GCC_WARN_64_TO_32_BIT_CONVERSION = YES;
				GCC_WARN_ABOUT_RETURN_TYPE = YES_ERROR;
				GCC_WARN_UNDECLARED_SELECTOR = YES;
				GCC_WARN_UNINITIALIZED_AUTOS = YES_AGGRESSIVE;
				GCC_WARN_UNUSED_FUNCTION = YES;
				GCC_WARN_UNUSED_VARIABLE = YES;
				IPHONEOS_DEPLOYMENT_TARGET = 18.5;
				LOCALIZATION_PREFERS_STRING_CATALOGS = YES;
				MTL_ENABLE_DEBUG_INFO = INCLUDE_SOURCE;
				MTL_FAST_MATH = YES;
				ONLY_ACTIVE_ARCH = YES;
				SDKROOT = iphoneos;
				STRING_CATALOG_GENERATE_SYMBOLS = YES;
				SWIFT_ACTIVE_COMPILATION_CONDITIONS = "DEBUG $(inherited)";
				SWIFT_OPTIMIZATION_LEVEL = "-Onone";
			};
			name = Debug;
		};
		06C294CD2F20F441006CF961 /* Release */ = {
			isa = XCBuildConfiguration;
			baseConfigurationReference = 06B970312F210C8A00DB6132 /* Release.xcconfig */;
			buildSettings = {
				ALWAYS_SEARCH_USER_PATHS = NO;
				ASSETCATALOG_COMPILER_GENERATE_SWIFT_ASSET_SYMBOL_EXTENSIONS = YES;
				CLANG_ANALYZER_NONNULL = YES;
				CLANG_ANALYZER_NUMBER_OBJECT_CONVERSION = YES_AGGRESSIVE;
				CLANG_CXX_LANGUAGE_STANDARD = "gnu++20";
				CLANG_ENABLE_MODULES = YES;
				CLANG_ENABLE_OBJC_ARC = YES;
				CLANG_ENABLE_OBJC_WEAK = YES;
				CLANG_WARN_BLOCK_CAPTURE_AUTORELEASING = YES;
				CLANG_WARN_BOOL_CONVERSION = YES;
				CLANG_WARN_COMMA = YES;
				CLANG_WARN_CONSTANT_CONVERSION = YES;
				CLANG_WARN_DEPRECATED_OBJC_IMPLEMENTATIONS = YES;
				CLANG_WARN_DIRECT_OBJC_ISA_USAGE = YES_ERROR;
				CLANG_WARN_DOCUMENTATION_COMMENTS = YES;
				CLANG_WARN_EMPTY_BODY = YES;
				CLANG_WARN_ENUM_CONVERSION = YES;
				CLANG_WARN_INFINITE_RECURSION = YES;
				CLANG_WARN_INT_CONVERSION = YES;
				CLANG_WARN_NON_LITERAL_NULL_CONVERSION = YES;
				CLANG_WARN_OBJC_IMPLICIT_RETAIN_SELF = YES;
				CLANG_WARN_OBJC_LITERAL_CONVERSION = YES;
				CLANG_WARN_OBJC_ROOT_CLASS = YES_ERROR;
				CLANG_WARN_QUOTED_INCLUDE_IN_FRAMEWORK_HEADER = YES;
				CLANG_WARN_RANGE_LOOP_ANALYSIS = YES;
				CLANG_WARN_STRICT_PROTOTYPES = YES;
				CLANG_WARN_SUSPICIOUS_MOVE = YES;
				CLANG_WARN_UNGUARDED_AVAILABILITY = YES_AGGRESSIVE;
				CLANG_WARN_UNREACHABLE_CODE = YES;
				CLANG_WARN__DUPLICATE_METHOD_MATCH = YES;
				COPY_PHASE_STRIP = NO;
				DEBUG_INFORMATION_FORMAT = "dwarf-with-dsym";
				DEVELOPMENT_TEAM = G9LS4YQCM2;
				ENABLE_NS_ASSERTIONS = NO;
				ENABLE_STRICT_OBJC_MSGSEND = YES;
				ENABLE_USER_SCRIPT_SANDBOXING = YES;
				GCC_C_LANGUAGE_STANDARD = gnu17;
				GCC_NO_COMMON_BLOCKS = YES;
				GCC_WARN_64_TO_32_BIT_CONVERSION = YES;
				GCC_WARN_ABOUT_RETURN_TYPE = YES_ERROR;
				GCC_WARN_UNDECLARED_SELECTOR = YES;
				GCC_WARN_UNINITIALIZED_AUTOS = YES_AGGRESSIVE;
				GCC_WARN_UNUSED_FUNCTION = YES;
				GCC_WARN_UNUSED_VARIABLE = YES;
				IPHONEOS_DEPLOYMENT_TARGET = 18.5;
				LOCALIZATION_PREFERS_STRING_CATALOGS = YES;
				MTL_ENABLE_DEBUG_INFO = NO;
				MTL_FAST_MATH = YES;
				SDKROOT = iphoneos;
				STRING_CATALOG_GENERATE_SYMBOLS = YES;
				SWIFT_COMPILATION_MODE = wholemodule;
				VALIDATE_PRODUCT = YES;
			};
			name = Release;
		};
/* End XCBuildConfiguration section */

/* Begin XCConfigurationList section */
		06C294B12F20F43F006CF961 /* Build configuration list for PBXProject "FoodKeeper" */ = {
			isa = XCConfigurationList;
			buildConfigurations = (
				06C294CC2F20F441006CF961 /* Debug */,
				06C294CD2F20F441006CF961 /* Release */,
			);
			defaultConfigurationIsVisible = 0;
			defaultConfigurationName = Release;
		};
		06C294C92F20F441006CF961 /* Build configuration list for PBXNativeTarget "FoodKeeper" */ = {
			isa = XCConfigurationList;
			buildConfigurations = (
				06C294CA2F20F441006CF961 /* Debug */,
				06C294CB2F20F441006CF961 /* Release */,
			);
			defaultConfigurationIsVisible = 0;
			defaultConfigurationName = Release;
		};
/* End XCConfigurationList section */

/* Begin XCLocalSwiftPackageReference section */
		06B970432F211B3600DB6132 /* XCLocalSwiftPackageReference "Package/Domain" */ = {
			isa = XCLocalSwiftPackageReference;
			relativePath = Package/Domain;
		};
		06B970462F211B4C00DB6132 /* XCLocalSwiftPackageReference "Package/Data" */ = {
			isa = XCLocalSwiftPackageReference;
			relativePath = Package/Data;
		};
		06B970492F211B5700DB6132 /* XCLocalSwiftPackageReference "Package/FoodKeeperFoundation" */ = {
			isa = XCLocalSwiftPackageReference;
			relativePath = Package/FoodKeeperFoundation;
		};
/* End XCLocalSwiftPackageReference section */

/* Begin XCRemoteSwiftPackageReference section */
		06B970322F21130700DB6132 /* XCRemoteSwiftPackageReference "RxSwift" */ = {
			isa = XCRemoteSwiftPackageReference;
			repositoryURL = "https://github.com/ReactiveX/RxSwift.git";
			requirement = {
				kind = upToNextMajorVersion;
				minimumVersion = 6.9.1;
			};
		};
		06B970372F2114A400DB6132 /* XCRemoteSwiftPackageReference "Kingfisher" */ = {
			isa = XCRemoteSwiftPackageReference;
			repositoryURL = "https://github.com/onevcat/Kingfisher.git";
			requirement = {
				kind = upToNextMajorVersion;
				minimumVersion = 8.6.2;
			};
		};
		06B9703A2F2114B900DB6132 /* XCRemoteSwiftPackageReference "SnapKit" */ = {
			isa = XCRemoteSwiftPackageReference;
			repositoryURL = "https://github.com/SnapKit/SnapKit.git";
			requirement = {
				kind = upToNextMajorVersion;
				minimumVersion = 5.7.1;
			};
		};
		06B9703D2F21150200DB6132 /* XCRemoteSwiftPackageReference "Moya" */ = {
			isa = XCRemoteSwiftPackageReference;
			repositoryURL = "https://github.com/Moya/Moya.git";
			requirement = {
				kind = upToNextMajorVersion;
				minimumVersion = 15.0.3;
			};
		};
		06B970402F21151300DB6132 /* XCRemoteSwiftPackageReference "Alamofire" */ = {
			isa = XCRemoteSwiftPackageReference;
			repositoryURL = "https://github.com/Alamofire/Alamofire.git";
			requirement = {
				kind = upToNextMajorVersion;
				minimumVersion = 5.11.0;
			};
		};
		06B970582F2796D600DB6132 /* XCRemoteSwiftPackageReference "Then" */ = {
			isa = XCRemoteSwiftPackageReference;
			repositoryURL = "https://github.com/devxoul/Then.git";
			requirement = {
				kind = upToNextMajorVersion;
				minimumVersion = 3.0.0;
			};
		};
/* End XCRemoteSwiftPackageReference section */

/* Begin XCSwiftPackageProductDependency section */
		06B970142F21058000DB6132 /* FoodKeeperFoundation */ = {
			isa = XCSwiftPackageProductDependency;
			productName = FoodKeeperFoundation;
		};
		06B970172F2105F400DB6132 /* Data */ = {
			isa = XCSwiftPackageProductDependency;
			productName = Data;
		};
		06B9701A2F21060100DB6132 /* Domain */ = {
			isa = XCSwiftPackageProductDependency;
			productName = Domain;
		};
		06B9701D2F21064200DB6132 /* Data */ = {
			isa = XCSwiftPackageProductDependency;
			productName = Data;
		};
		06B970202F21064E00DB6132 /* FoodKeeperFoundation */ = {
			isa = XCSwiftPackageProductDependency;
			productName = FoodKeeperFoundation;
		};
		06B970232F21066600DB6132 /* Domain */ = {
			isa = XCSwiftPackageProductDependency;
			productName = Domain;
		};
		06B970262F21066E00DB6132 /* Data */ = {
			isa = XCSwiftPackageProductDependency;
			productName = Data;
		};
		06B970292F21067A00DB6132 /* FoodKeeperFoundation */ = {
			isa = XCSwiftPackageProductDependency;
			productName = FoodKeeperFoundation;
		};
		06B970332F21130700DB6132 /* RxCocoa */ = {
			isa = XCSwiftPackageProductDependency;
			package = 06B970322F21130700DB6132 /* XCRemoteSwiftPackageReference "RxSwift" */;
			productName = RxCocoa;
		};
		06B970352F21130700DB6132 /* RxSwift */ = {
			isa = XCSwiftPackageProductDependency;
			package = 06B970322F21130700DB6132 /* XCRemoteSwiftPackageReference "RxSwift" */;
			productName = RxSwift;
		};
		06B970382F2114A400DB6132 /* Kingfisher */ = {
			isa = XCSwiftPackageProductDependency;
			package = 06B970372F2114A400DB6132 /* XCRemoteSwiftPackageReference "Kingfisher" */;
			productName = Kingfisher;
		};
		06B9703B2F2114B900DB6132 /* SnapKit */ = {
			isa = XCSwiftPackageProductDependency;
			package = 06B9703A2F2114B900DB6132 /* XCRemoteSwiftPackageReference "SnapKit" */;
			productName = SnapKit;
		};
		06B9703E2F21150200DB6132 /* Moya */ = {
			isa = XCSwiftPackageProductDependency;
			package = 06B9703D2F21150200DB6132 /* XCRemoteSwiftPackageReference "Moya" */;
			productName = Moya;
		};
		06B970412F21151300DB6132 /* Alamofire */ = {
			isa = XCSwiftPackageProductDependency;
			package = 06B970402F21151300DB6132 /* XCRemoteSwiftPackageReference "Alamofire" */;
			productName = Alamofire;
		};
		06B970442F211B3600DB6132 /* Domain */ = {
			isa = XCSwiftPackageProductDependency;
			productName = Domain;
		};
		06B970472F211B4C00DB6132 /* Data */ = {
			isa = XCSwiftPackageProductDependency;
			productName = Data;
		};
		06B970592F2796D600DB6132 /* Then */ = {
			isa = XCSwiftPackageProductDependency;
			package = 06B970582F2796D600DB6132 /* XCRemoteSwiftPackageReference "Then" */;
			productName = Then;
		};
		06C294E12F20F946006CF961 /* FoodKeeperFoundation */ = {
			isa = XCSwiftPackageProductDependency;
			productName = FoodKeeperFoundation;
		};
/* End XCSwiftPackageProductDependency section */
	};
	rootObject = 06C294AE2F20F43F006CF961 /* Project object */;
}
